// !$*UTF8*$!
{
	archiveVersion = 1;
	classes = {
	};
	objectVersion = 50;
	objects = {

/* Begin PBXBuildFile section */
		BA069B2B2518DF6500877A45 /* AppDelegate.swift in Sources */ = {isa = PBXBuildFile; fileRef = BA069B2A2518DF6500877A45 /* AppDelegate.swift */; };
		BA069B2D2518DF6500877A45 /* ViewController.swift in Sources */ = {isa = PBXBuildFile; fileRef = BA069B2C2518DF6500877A45 /* ViewController.swift */; };
		BA069B302518DF6500877A45 /* Main.storyboard in Resources */ = {isa = PBXBuildFile; fileRef = BA069B2E2518DF6500877A45 /* Main.storyboard */; };
		BA069B322518DF6800877A45 /* Assets.xcassets in Resources */ = {isa = PBXBuildFile; fileRef = BA069B312518DF6800877A45 /* Assets.xcassets */; };
		BA069B352518DF6800877A45 /* LaunchScreen.storyboard in Resources */ = {isa = PBXBuildFile; fileRef = BA069B332518DF6800877A45 /* LaunchScreen.storyboard */; };
		BA069B3D2518DF9C00877A45 /* SendMessage.swift in Sources */ = {isa = PBXBuildFile; fileRef = BA069B3C2518DF9C00877A45 /* SendMessage.swift */; };
		BA069B3F2518E0B000877A45 /* SendMessageViewController.swift in Sources */ = {isa = PBXBuildFile; fileRef = BA069B3E2518E0B000877A45 /* SendMessageViewController.swift */; };
/* End PBXBuildFile section */

/* Begin PBXFileReference section */
		BA069B272518DF6400877A45 /* HttpPostSample.app */ = {isa = PBXFileReference; explicitFileType = wrapper.application; includeInIndex = 0; path = HttpPostSample.app; sourceTree = BUILT_PRODUCTS_DIR; };
		BA069B2A2518DF6500877A45 /* AppDelegate.swift */ = {isa = PBXFileReference; lastKnownFileType = sourcecode.swift; path = AppDelegate.swift; sourceTree = "<group>"; };
		BA069B2C2518DF6500877A45 /* ViewController.swift */ = {isa = PBXFileReference; lastKnownFileType = sourcecode.swift; path = ViewController.swift; sourceTree = "<group>"; };
		BA069B2F2518DF6500877A45 /* Base */ = {isa = PBXFileReference; lastKnownFileType = file.storyboard; name = Base; path = Base.lproj/Main.storyboard; sourceTree = "<group>"; };
		BA069B312518DF6800877A45 /* Assets.xcassets */ = {isa = PBXFileReference; lastKnownFileType = folder.assetcatalog; path = Assets.xcassets; sourceTree = "<group>"; };
		BA069B342518DF6800877A45 /* Base */ = {isa = PBXFileReference; lastKnownFileType = file.storyboard; name = Base; path = Base.lproj/LaunchScreen.storyboard; sourceTree = "<group>"; };
		BA069B362518DF6800877A45 /* Info.plist */ = {isa = PBXFileReference; lastKnownFileType = text.plist.xml; path = Info.plist; sourceTree = "<group>"; };
		BA069B3C2518DF9C00877A45 /* SendMessage.swift */ = {isa = PBXFileReference; lastKnownFileType = sourcecode.swift; path = SendMessage.swift; sourceTree = "<group>"; };
		BA069B3E2518E0B000877A45 /* SendMessageViewController.swift */ = {isa = PBXFileReference; lastKnownFileType = sourcecode.swift; path = SendMessageViewController.swift; sourceTree = "<group>"; };
/* End PBXFileReference section */

/* Begin PBXFrameworksBuildPhase section */
		BA069B242518DF6400877A45 /* Frameworks */ = {
			isa = PBXFrameworksBuildPhase;
			buildActionMask = 2147483647;
			files = (
			);
			runOnlyForDeploymentPostprocessing = 0;
		};
/* End PBXFrameworksBuildPhase section */

/* Begin PBXGroup section */
		BA069B1E2518DF6400877A45 = {
			isa = PBXGroup;
			children = (
				BA069B292518DF6400877A45 /* HttpPostSample */,
				BA069B282518DF6400877A45 /* Products */,
			);
			sourceTree = "<group>";
		};
		BA069B282518DF6400877A45 /* Products */ = {
			isa = PBXGroup;
			children = (
				BA069B272518DF6400877A45 /* HttpPostSample.app */,
			);
			name = Products;
			sourceTree = "<group>";
		};
		BA069B292518DF6400877A45 /* HttpPostSample */ = {
			isa = PBXGroup;
			children = (
				BA069B2A2518DF6500877A45 /* AppDelegate.swift */,
				BA069B2C2518DF6500877A45 /* ViewController.swift */,
				BA069B3E2518E0B000877A45 /* SendMessageViewController.swift */,
				BA069B3C2518DF9C00877A45 /* SendMessage.swift */,
				BA069B2E2518DF6500877A45 /* Main.storyboard */,
				BA069B312518DF6800877A45 /* Assets.xcassets */,
				BA069B332518DF6800877A45 /* LaunchScreen.storyboard */,
				BA069B362518DF6800877A45 /* Info.plist */,
			);
			path = HttpPostSample;
			sourceTree = "<group>";
		};
/* End PBXGroup section */

/* Begin PBXNativeTarget section */
		BA069B262518DF6400877A45 /* HttpPostSample */ = {
			isa = PBXNativeTarget;
			buildConfigurationList = BA069B392518DF6800877A45 /* Build configuration list for PBXNativeTarget "HttpPostSample" */;
			buildPhases = (
				BA069B232518DF6400877A45 /* Sources */,
				BA069B242518DF6400877A45 /* Frameworks */,
				BA069B252518DF6400877A45 /* Resources */,
			);
			buildRules = (
			);
			dependencies = (
			);
			name = HttpPostSample;
			productName = HttpPostSample;
			productReference = BA069B272518DF6400877A45 /* HttpPostSample.app */;
			productType = "com.apple.product-type.application";
		};
/* End PBXNativeTarget section */

/* Begin PBXProject section */
		BA069B1F2518DF6400877A45 /* Project object */ = {
			isa = PBXProject;
			attributes = {
				LastSwiftUpdateCheck = 1010;
				LastUpgradeCheck = 1010;
				ORGANIZATIONNAME = "Busra Nur OK";
				TargetAttributes = {
					BA069B262518DF6400877A45 = {
						CreatedOnToolsVersion = 10.1;
					};
				};
			};
			buildConfigurationList = BA069B222518DF6400877A45 /* Build configuration list for PBXProject "HttpPostSample" */;
			compatibilityVersion = "Xcode 9.3";
			developmentRegion = en;
			hasScannedForEncodings = 0;
			knownRegions = (
				en,
				Base,
			);
			mainGroup = BA069B1E2518DF6400877A45;
			productRefGroup = BA069B282518DF6400877A45 /* Products */;
			projectDirPath = "";
			projectRoot = "";
			targets = (
				BA069B262518DF6400877A45 /* HttpPostSample */,
			);
		};
/* End PBXProject section */

/* Begin PBXResourcesBuildPhase section */
		BA069B252518DF6400877A45 /* Resources */ = {
			isa = PBXResourcesBuildPhase;
			buildActionMask = 2147483647;
			files = (
				BA069B352518DF6800877A45 /* LaunchScreen.storyboard in Resources */,
				BA069B322518DF6800877A45 /* Assets.xcassets in Resources */,
				BA069B302518DF6500877A45 /* Main.storyboard in Resources */,
			);
			runOnlyForDeploymentPostprocessing = 0;
		};
/* End PBXResourcesBuildPhase section */

/* Begin PBXSourcesBuildPhase section */
		BA069B232518DF6400877A45 /* Sources */ = {
			isa = PBXSourcesBuildPhase;
			buildActionMask = 2147483647;
			files = (
				BA069B3F2518E0B000877A45 /* SendMessageViewController.swift in Sources */,
				BA069B2D2518DF6500877A45 /* ViewController.swift in Sources */,
				BA069B3D2518DF9C00877A45 /* SendMessage.swift in Sources */,
				BA069B2B2518DF6500877A45 /* AppDelegate.swift in Sources */,
			);
			runOnlyForDeploymentPostprocessing = 0;
		};
/* End PBXSourcesBuildPhase section */

/* Begin PBXVariantGroup section */
		BA069B2E2518DF6500877A45 /* Main.storyboard */ = {
			isa = PBXVariantGroup;
			children = (
				BA069B2F2518DF6500877A45 /* Base */,
			);
			name = Main.storyboard;
			sourceTree = "<group>";
		};
		BA069B332518DF6800877A45 /* LaunchScreen.storyboard */ = {
			isa = PBXVariantGroup;
			children = (
				BA069B342518DF6800877A45 /* Base */,
			);
			name = LaunchScreen.storyboard;
			sourceTree = "<group>";
		};
/* End PBXVariantGroup section */

/* Begin XCBuildConfiguration section */
		BA069B372518DF6800877A45 /* Debug */ = {
			isa = XCBuildConfiguration;
			buildSettings = {
				ALWAYS_SEARCH_USER_PATHS = NO;
				CLANG_ANALYZER_NONNULL = YES;
				CLANG_ANALYZER_NUMBER_OBJECT_CONVERSION = YES_AGGRESSIVE;
				CLANG_CXX_LANGUAGE_STANDARD = "gnu++14";
				CLANG_CXX_LIBRARY = "libc++";
				CLANG_ENABLE_MODULES = YES;
				CLANG_ENABLE_OBJC_ARC = YES;
				CLANG_ENABLE_OBJC_WEAK = YES;
				CLANG_WARN_BLOCK_CAPTURE_AUTORELEASING = YES;
				CLANG_WARN_BOOL_CONVERSION = YES;
				CLANG_WARN_COMMA = YES;
				CLANG_WARN_CONSTANT_CONVERSION = YES;
				CLANG_WARN_DEPRECATED_OBJC_IMPLEMENTATIONS = YES;
				CLANG_WARN_DIRECT_OBJC_ISA_USAGE = YES_ERROR;
				CLANG_WARN_DOCUMENTATION_COMMENTS = YES;
				CLANG_WARN_EMPTY_BODY = YES;
				CLANG_WARN_ENUM_CONVERSION = YES;
				CLANG_WARN_INFINITE_RECURSION = YES;
				CLANG_WARN_INT_CONVERSION = YES;
				CLANG_WARN_NON_LITERAL_NULL_CONVERSION = YES;
				CLANG_WARN_OBJC_IMPLICIT_RETAIN_SELF = YES;
				CLANG_WARN_OBJC_LITERAL_CONVERSION = YES;
				CLANG_WARN_OBJC_ROOT_CLASS = YES_ERROR;
				CLANG_WARN_RANGE_LOOP_ANALYSIS = YES;
				CLANG_WARN_STRICT_PROTOTYPES = YES;
				CLANG_WARN_SUSPICIOUS_MOVE = YES;
				CLANG_WARN_UNGUARDED_AVAILABILITY = YES_AGGRESSIVE;
				CLANG_WARN_UNREACHABLE_CODE = YES;
				CLANG_WARN__DUPLICATE_METHOD_MATCH = YES;
				CODE_SIGN_IDENTITY = "iPhone Developer";
				COPY_PHASE_STRIP = NO;
				DEBUG_INFORMATION_FORMAT = dwarf;
				ENABLE_STRICT_OBJC_MSGSEND = YES;
				ENABLE_TESTABILITY = YES;
				GCC_C_LANGUAGE_STANDARD = gnu11;
				GCC_DYNAMIC_NO_PIC = NO;
				GCC_NO_COMMON_BLOCKS = YES;
				GCC_OPTIMIZATION_LEVEL = 0;
				GCC_PREPROCESSOR_DEFINITIONS = (
					"DEBUG=1",
					"$(inherited)",
				);
				GCC_WARN_64_TO_32_BIT_CONVERSION = YES;
				GCC_WARN_ABOUT_RETURN_TYPE = YES_ERROR;
				GCC_WARN_UNDECLARED_SELECTOR = YES;
				GCC_WARN_UNINITIALIZED_AUTOS = YES_AGGRESSIVE;
				GCC_WARN_UNUSED_FUNCTION = YES;
				GCC_WARN_UNUSED_VARIABLE = YES;
				IPHONEOS_DEPLOYMENT_TARGET = 12.1;
				MTL_ENABLE_DEBUG_INFO = INCLUDE_SOURCE;
				MTL_FAST_MATH = YES;
				ONLY_ACTIVE_ARCH = YES;
				SDKROOT = iphoneos;
				SWIFT_ACTIVE_COMPILATION_CONDITIONS = DEBUG;
				SWIFT_OPTIMIZATION_LEVEL = "-Onone";
			};
			name = Debug;
		};
		BA069B382518DF6800877A45 /* Release */ = {
			isa = XCBuildConfiguration;
			buildSettings = {
				ALWAYS_SEARCH_USER_PATHS = NO;
				CLANG_ANALYZER_NONNULL = YES;
				CLANG_ANALYZER_NUMBER_OBJECT_CONVERSION = YES_AGGRESSIVE;
				CLANG_CXX_LANGUAGE_STANDARD = "gnu++14";
				CLANG_CXX_LIBRARY = "libc++";
				CLANG_ENABLE_MODULES = YES;
				CLANG_ENABLE_OBJC_ARC = YES;
				CLANG_ENABLE_OBJC_WEAK = YES;
				CLANG_WARN_BLOCK_CAPTURE_AUTORELEASING = YES;
				CLANG_WARN_BOOL_CONVERSION = YES;
				CLANG_WARN_COMMA = YES;
				CLANG_WARN_CONSTANT_CONVERSION = YES;
				CLANG_WARN_DEPRECATED_OBJC_IMPLEMENTATIONS = YES;
				CLANG_WARN_DIRECT_OBJC_ISA_USAGE = YES_ERROR;
				CLANG_WARN_DOCUMENTATION_COMMENTS = YES;
				CLANG_WARN_EMPTY_BODY = YES;
				CLANG_WARN_ENUM_CONVERSION = YES;
				CLANG_WARN_INFINITE_RECURSION = YES;
				CLANG_WARN_INT_CONVERSION = YES;
				CLANG_WARN_NON_LITERAL_NULL_CONVERSION = YES;
				CLANG_WARN_OBJC_IMPLICIT_RETAIN_SELF = YES;
				CLANG_WARN_OBJC_LITERAL_CONVERSION = YES;
				CLANG_WARN_OBJC_ROOT_CLASS = YES_ERROR;
				CLANG_WARN_RANGE_LOOP_ANALYSIS = YES;
				CLANG_WARN_STRICT_PROTOTYPES = YES;
				CLANG_WARN_SUSPICIOUS_MOVE = YES;
				CLANG_WARN_UNGUARDED_AVAILABILITY = YES_AGGRESSIVE;
				CLANG_WARN_UNREACHABLE_CODE = YES;
				CLANG_WARN__DUPLICATE_METHOD_MATCH = YES;
				CODE_SIGN_IDENTITY = "iPhone Developer";
				COPY_PHASE_STRIP = NO;
				DEBUG_INFORMATION_FORMAT = "dwarf-with-dsym";
				ENABLE_NS_ASSERTIONS = NO;
				ENABLE_STRICT_OBJC_MSGSEND = YES;
				GCC_C_LANGUAGE_STANDARD = gnu11;
				GCC_NO_COMMON_BLOCKS = YES;
				GCC_WARN_64_TO_32_BIT_CONVERSION = YES;
				GCC_WARN_ABOUT_RETURN_TYPE = YES_ERROR;
				GCC_WARN_UNDECLARED_SELECTOR = YES;
				GCC_WARN_UNINITIALIZED_AUTOS = YES_AGGRESSIVE;
				GCC_WARN_UNUSED_FUNCTION = YES;
				GCC_WARN_UNUSED_VARIABLE = YES;
				IPHONEOS_DEPLOYMENT_TARGET = 12.1;
				MTL_ENABLE_DEBUG_INFO = NO;
				MTL_FAST_MATH = YES;
				SDKROOT = iphoneos;
				SWIFT_COMPILATION_MODE = wholemodule;
				SWIFT_OPTIMIZATION_LEVEL = "-O";
				VALIDATE_PRODUCT = YES;
			};
			name = Release;
		};
		BA069B3A2518DF6800877A45 /* Debug */ = {
			isa = XCBuildConfiguration;
			buildSettings = {
				ASSETCATALOG_COMPILER_APPICON_NAME = AppIcon;
				CODE_SIGN_STYLE = Automatic;
				DEVELOPMENT_TEAM = 672238735N;
				INFOPLIST_FILE = HttpPostSample/Info.plist;
				LD_RUNPATH_SEARCH_PATHS = (
					"$(inherited)",
					"@executable_path/Frameworks",
				);
				PRODUCT_BUNDLE_IDENTIFIER = com.busranurok.HttpPostSample;
				PRODUCT_NAME = "$(TARGET_NAME)";
				SWIFT_VERSION = 4.2;
				TARGETED_DEVICE_FAMILY = "1,2";
			};
			name = Debug;
		};
		BA069B3B2518DF6800877A45 /* Release */ = {
			isa = XCBuildConfiguration;
			buildSettings = {
				ASSETCATALOG_COMPILER_APPICON_NAME = AppIcon;
				CODE_SIGN_STYLE = Automatic;
				DEVELOPMENT_TEAM = 672238735N;
				INFOPLIST_FILE = HttpPostSample/Info.plist;
				LD_RUNPATH_SEARCH_PATHS = (
					"$(inherited)",
					"@executable_path/Frameworks",
				);
				PRODUCT_BUNDLE_IDENTIFIER = com.busranurok.HttpPostSample;
				PRODUCT_NAME = "$(TARGET_NAME)";
				SWIFT_VERSION = 4.2;
				TARGETED_DEVICE_FAMILY = "1,2";
			};
			name = Release;
		};
/* End XCBuildConfiguration section */

/* Begin XCConfigurationList section */
		BA069B222518DF6400877A45 /* Build configuration list for PBXProject "HttpPostSample" */ = {
			isa = XCConfigurationList;
			buildConfigurations = (
				BA069B372518DF6800877A45 /* Debug */,
				BA069B382518DF6800877A45 /* Release */,
			);
			defaultConfigurationIsVisible = 0;
			defaultConfigurationName = Release;
		};
		BA069B392518DF6800877A45 /* Build configuration list for PBXNativeTarget "HttpPostSample" */ = {
			isa = XCConfigurationList;
			buildConfigurations = (
				BA069B3A2518DF6800877A45 /* Debug */,
				BA069B3B2518DF6800877A45 /* Release */,
			);
			defaultConfigurationIsVisible = 0;
			defaultConfigurationName = Release;
		};
/* End XCConfigurationList section */
	};
	rootObject = BA069B1F2518DF6400877A45 /* Project object */;
}
